
Microsoft Visual Studio Solution File, Format Version 12.00
# Visual Studio Version 17
VisualStudioVersion = 17.0.31903.59
MinimumVisualStudioVersion = 10.0.40219.1
Project("{9A19103F-16F7-4668-BE54-9A1E7A4F7556}") = "Demo", "src\Demo.Api\Demo.csproj", "{DA266F49-DE5A-49C3-8DD2-D3E1C48C601B}"
EndProject
Global
	GlobalSection(SolutionConfigurationPlatforms) = preSolution
		Debug|Any CPU = Debug|Any CPU
		Release|Any CPU = Release|Any CPU
	EndGlobalSection
	GlobalSection(ProjectConfigurationPlatforms) = postSolution
		{DA266F49-DE5A-49C3-8DD2-D3E1C48C601B}.Debug|Any CPU.ActiveCfg = Debug|Any CPU
		{DA266F49-DE5A-49C3-8DD2-D3E1C48C601B}.Debug|Any CPU.Build.0 = Debug|Any CPU
		{DA266F49-DE5A-49C3-8DD2-D3E1C48C601B}.Release|Any CPU.ActiveCfg = Release|Any CPU
		{DA266F49-DE5A-49C3-8DD2-D3E1C48C601B}.Release|Any CPU.Build.0 = Release|Any CPU
	EndGlobalSection
	GlobalSection(SolutionProperties) = preSolution
		HideSolutionNode = FALSE
	EndGlobalSection
	GlobalSection(ExtensibilityGlobals) = postSolution
		SolutionGuid = {65DD132E-0E24-460B-BCFD-DD23EF7E1330}
	EndGlobalSection
EndGlobal
